
Microsoft Visual Studio Solution File, Format Version 12.00
# Visual Studio Version 17
VisualStudioVersion = 17.6.33829.357
MinimumVisualStudioVersion = 10.0.40219.1
Project("{FAE04EC0-301F-11D3-BF4B-00C04F79EFBC}") = "Monster VS Robot project", "Monster VS Robot project\Monster VS Robot project.csproj", "{16DF1CFE-E8D3-48ED-B339-D4D0AF9578CB}"
EndProject
Global
	GlobalSection(SolutionConfigurationPlatforms) = preSolution
		Debug|Any CPU = Debug|Any CPU
		Release|Any CPU = Release|Any CPU
	EndGlobalSection
	GlobalSection(ProjectConfigurationPlatforms) = postSolution
		{16DF1CFE-E8D3-48ED-B339-D4D0AF9578CB}.Debug|Any CPU.ActiveCfg = Debug|Any CPU
		{16DF1CFE-E8D3-48ED-B339-D4D0AF9578CB}.Debug|Any CPU.Build.0 = Debug|Any CPU
		{16DF1CFE-E8D3-48ED-B339-D4D0AF9578CB}.Release|Any CPU.ActiveCfg = Release|Any CPU
		{16DF1CFE-E8D3-48ED-B339-D4D0AF9578CB}.Release|Any CPU.Build.0 = Release|Any CPU
	EndGlobalSection
	GlobalSection(SolutionProperties) = preSolution
		HideSolutionNode = FALSE
	EndGlobalSection
	GlobalSection(ExtensibilityGlobals) = postSolution
		SolutionGuid = {D6C8DB55-3E45-4040-8611-E584F3759318}
	EndGlobalSection
EndGlobal
